
Microsoft Visual Studio Solution File, Format Version 12.00
# Visual Studio 14
VisualStudioVersion = 14.0.25420.1
MinimumVisualStudioVersion = 10.0.40219.1
Project("{FAE04EC0-301F-11D3-BF4B-00C04F79EFBC}") = "VisionEditTest", "VisionEditTest\VisionEditTest.csproj", "{BF03A00C-35B5-470E-A335-0A78FD0478A6}"
EndProject
Project("{FAE04EC0-301F-11D3-BF4B-00C04F79EFBC}") = "HalconWindowTest", "HalconWindowTest\HalconWindowTest.csproj", "{4ADC75AE-59C7-4D36-B675-A6CE51B6F5BA}"
EndProject
Project("{FAE04EC0-301F-11D3-BF4B-00C04F79EFBC}") = "DockTest", "..\DockTest\DockTest\DockTest.csproj", "{09CDEE96-C0D2-4233-8220-40873465EB69}"
EndProject
Project("{FAE04EC0-301F-11D3-BF4B-00C04F79EFBC}") = "VisionEdit", "VisionEdit\VisionEdit.csproj", "{2CD1B0C2-D64A-4DA4-8A9E-64D5AB35DE25}"
EndProject
Global
	GlobalSection(SolutionConfigurationPlatforms) = preSolution
		Debug|Any CPU = Debug|Any CPU
		Debug|x64 = Debug|x64
		Debug|x86 = Debug|x86
		Release|Any CPU = Release|Any CPU
		Release|x64 = Release|x64
		Release|x86 = Release|x86
	EndGlobalSection
	GlobalSection(ProjectConfigurationPlatforms) = postSolution
		{BF03A00C-35B5-470E-A335-0A78FD0478A6}.Debug|Any CPU.ActiveCfg = Debug|Any CPU
		{BF03A00C-35B5-470E-A335-0A78FD0478A6}.Debug|Any CPU.Build.0 = Debug|Any CPU
		{BF03A00C-35B5-470E-A335-0A78FD0478A6}.Debug|x64.ActiveCfg = Debug|Any CPU
		{BF03A00C-35B5-470E-A335-0A78FD0478A6}.Debug|x64.Build.0 = Debug|Any CPU
		{BF03A00C-35B5-470E-A335-0A78FD0478A6}.Debug|x86.ActiveCfg = Debug|Any CPU
		{BF03A00C-35B5-470E-A335-0A78FD0478A6}.Debug|x86.Build.0 = Debug|Any CPU
		{BF03A00C-35B5-470E-A335-0A78FD0478A6}.Release|Any CPU.ActiveCfg = Release|Any CPU
		{BF03A00C-35B5-470E-A335-0A78FD0478A6}.Release|Any CPU.Build.0 = Release|Any CPU
		{BF03A00C-35B5-470E-A335-0A78FD0478A6}.Release|x64.ActiveCfg = Release|Any CPU
		{BF03A00C-35B5-470E-A335-0A78FD0478A6}.Release|x64.Build.0 = Release|Any CPU
		{BF03A00C-35B5-470E-A335-0A78FD0478A6}.Release|x86.ActiveCfg = Release|Any CPU
		{BF03A00C-35B5-470E-A335-0A78FD0478A6}.Release|x86.Build.0 = Release|Any CPU
		{4ADC75AE-59C7-4D36-B675-A6CE51B6F5BA}.Debug|Any CPU.ActiveCfg = Debug|x64
		{4ADC75AE-59C7-4D36-B675-A6CE51B6F5BA}.Debug|Any CPU.Build.0 = Debug|x64
		{4ADC75AE-59C7-4D36-B675-A6CE51B6F5BA}.Debug|x64.ActiveCfg = Debug|Any CPU
		{4ADC75AE-59C7-4D36-B675-A6CE51B6F5BA}.Debug|x64.Build.0 = Debug|Any CPU
		{4ADC75AE-59C7-4D36-B675-A6CE51B6F5BA}.Debug|x86.ActiveCfg = Debug|Any CPU
		{4ADC75AE-59C7-4D36-B675-A6CE51B6F5BA}.Debug|x86.Build.0 = Debug|Any CPU
		{4ADC75AE-59C7-4D36-B675-A6CE51B6F5BA}.Release|Any CPU.ActiveCfg = Release|Any CPU
		{4ADC75AE-59C7-4D36-B675-A6CE51B6F5BA}.Release|Any CPU.Build.0 = Release|Any CPU
		{4ADC75AE-59C7-4D36-B675-A6CE51B6F5BA}.Release|x64.ActiveCfg = Release|Any CPU
		{4ADC75AE-59C7-4D36-B675-A6CE51B6F5BA}.Release|x64.Build.0 = Release|Any CPU
		{4ADC75AE-59C7-4D36-B675-A6CE51B6F5BA}.Release|x86.ActiveCfg = Release|Any CPU
		{4ADC75AE-59C7-4D36-B675-A6CE51B6F5BA}.Release|x86.Build.0 = Release|Any CPU
		{09CDEE96-C0D2-4233-8220-40873465EB69}.Debug|Any CPU.ActiveCfg = Debug|Any CPU
		{09CDEE96-C0D2-4233-8220-40873465EB69}.Debug|Any CPU.Build.0 = Debug|Any CPU
		{09CDEE96-C0D2-4233-8220-40873465EB69}.Debug|x64.ActiveCfg = Debug|Any CPU
		{09CDEE96-C0D2-4233-8220-40873465EB69}.Debug|x64.Build.0 = Debug|Any CPU
		{09CDEE96-C0D2-4233-8220-40873465EB69}.Debug|x86.ActiveCfg = Debug|Any CPU
		{09CDEE96-C0D2-4233-8220-40873465EB69}.Debug|x86.Build.0 = Debug|Any CPU
		{09CDEE96-C0D2-4233-8220-40873465EB69}.Release|Any CPU.ActiveCfg = Release|Any CPU
		{09CDEE96-C0D2-4233-8220-40873465EB69}.Release|Any CPU.Build.0 = Release|Any CPU
		{09CDEE96-C0D2-4233-8220-40873465EB69}.Release|x64.ActiveCfg = Release|Any CPU
		{09CDEE96-C0D2-4233-8220-40873465EB69}.Release|x64.Build.0 = Release|Any CPU
		{09CDEE96-C0D2-4233-8220-40873465EB69}.Release|x86.ActiveCfg = Release|Any CPU
		{09CDEE96-C0D2-4233-8220-40873465EB69}.Release|x86.Build.0 = Release|Any CPU
		{2CD1B0C2-D64A-4DA4-8A9E-64D5AB35DE25}.Debug|Any CPU.ActiveCfg = Debug|Any CPU
		{2CD1B0C2-D64A-4DA4-8A9E-64D5AB35DE25}.Debug|Any CPU.Build.0 = Debug|Any CPU
		{2CD1B0C2-D64A-4DA4-8A9E-64D5AB35DE25}.Debug|x64.ActiveCfg = Debug|Any CPU
		{2CD1B0C2-D64A-4DA4-8A9E-64D5AB35DE25}.Debug|x64.Build.0 = Debug|Any CPU
		{2CD1B0C2-D64A-4DA4-8A9E-64D5AB35DE25}.Debug|x86.ActiveCfg = Debug|Any CPU
		{2CD1B0C2-D64A-4DA4-8A9E-64D5AB35DE25}.Debug|x86.Build.0 = Debug|Any CPU
		{2CD1B0C2-D64A-4DA4-8A9E-64D5AB35DE25}.Release|Any CPU.ActiveCfg = Release|Any CPU
		{2CD1B0C2-D64A-4DA4-8A9E-64D5AB35DE25}.Release|Any CPU.Build.0 = Release|Any CPU
		{2CD1B0C2-D64A-4DA4-8A9E-64D5AB35DE25}.Release|x64.ActiveCfg = Release|Any CPU
		{2CD1B0C2-D64A-4DA4-8A9E-64D5AB35DE25}.Release|x64.Build.0 = Release|Any CPU
		{2CD1B0C2-D64A-4DA4-8A9E-64D5AB35DE25}.Release|x86.ActiveCfg = Release|Any CPU
		{2CD1B0C2-D64A-4DA4-8A9E-64D5AB35DE25}.Release|x86.Build.0 = Release|Any CPU
	EndGlobalSection
	GlobalSection(SolutionProperties) = preSolution
		HideSolutionNode = FALSE
	EndGlobalSection
EndGlobal
