
Microsoft Visual Studio Solution File, Format Version 12.00
# Visual Studio 14
VisualStudioVersion = 14.0.25420.1
MinimumVisualStudioVersion = 10.0.40219.1
Project("{FAE04EC0-301F-11D3-BF4B-00C04F79EFBC}") = "HalconWindow", "HalconWindowTest\HalconWindow.csproj", "{4ADC75AE-59C7-4D36-B675-A6CE51B6F5BA}"
EndProject
Project("{FAE04EC0-301F-11D3-BF4B-00C04F79EFBC}") = "VisionEdit", "VisionEdit\VisionEdit.csproj", "{2CD1B0C2-D64A-4DA4-8A9E-64D5AB35DE25}"
EndProject
Project("{FAE04EC0-301F-11D3-BF4B-00C04F79EFBC}") = "FindCircleTool", "FindCircle\FindCircleTool.csproj", "{3D2739DB-5618-49BF-BF5C-5CCCD6A55C64}"
EndProject
Project("{2150E333-8FDC-42A3-9474-1A3956D46DE8}") = "ToolLib", "ToolLib", "{4FA39290-D4E6-4FD0-8030-F605960DA331}"
EndProject
Project("{FAE04EC0-301F-11D3-BF4B-00C04F79EFBC}") = "FindLineTool", "FindLine\FindLineTool.csproj", "{C3BB2B1C-ED0C-4879-A6D3-D86342C5086E}"
EndProject
Project("{FAE04EC0-301F-11D3-BF4B-00C04F79EFBC}") = "DataStruct", "DataStruct\DataStruct.csproj", "{DF3D4D4C-02DF-4F92-9FD4-0A861F64B0EF}"
EndProject
Project("{FAE04EC0-301F-11D3-BF4B-00C04F79EFBC}") = "HalconTool", "HalconTool\HalconTool.csproj", "{F5669FB7-77EC-44B9-898B-6D575B7D26EA}"
EndProject
Project("{FAE04EC0-301F-11D3-BF4B-00C04F79EFBC}") = "ToolBase", "ToolBase\ToolBase.csproj", "{7CD50B44-BF56-4E8E-8FA1-05F6968C1835}"
EndProject
Project("{FAE04EC0-301F-11D3-BF4B-00C04F79EFBC}") = "CommonHelper", "CommonMethods\CommonHelper.csproj", "{1C8D0DDC-2086-48A9-9586-F2B643E2FC54}"
EndProject
Project("{FAE04EC0-301F-11D3-BF4B-00C04F79EFBC}") = "VisionJobFactory", "VisionJobFactory\VisionJobFactory.csproj", "{4D539EB2-E847-4D42-B6FA-03B2546DAFD7}"
EndProject
Global
	GlobalSection(SolutionConfigurationPlatforms) = preSolution
		Debug|Any CPU = Debug|Any CPU
		Debug|x64 = Debug|x64
		Debug|x86 = Debug|x86
		Release|Any CPU = Release|Any CPU
		Release|x64 = Release|x64
		Release|x86 = Release|x86
	EndGlobalSection
	GlobalSection(ProjectConfigurationPlatforms) = postSolution
		{4ADC75AE-59C7-4D36-B675-A6CE51B6F5BA}.Debug|Any CPU.ActiveCfg = Debug|x64
		{4ADC75AE-59C7-4D36-B675-A6CE51B6F5BA}.Debug|Any CPU.Build.0 = Debug|x64
		{4ADC75AE-59C7-4D36-B675-A6CE51B6F5BA}.Debug|x64.ActiveCfg = Debug|Any CPU
		{4ADC75AE-59C7-4D36-B675-A6CE51B6F5BA}.Debug|x64.Build.0 = Debug|Any CPU
		{4ADC75AE-59C7-4D36-B675-A6CE51B6F5BA}.Debug|x86.ActiveCfg = Debug|Any CPU
		{4ADC75AE-59C7-4D36-B675-A6CE51B6F5BA}.Debug|x86.Build.0 = Debug|Any CPU
		{4ADC75AE-59C7-4D36-B675-A6CE51B6F5BA}.Release|Any CPU.ActiveCfg = Release|Any CPU
		{4ADC75AE-59C7-4D36-B675-A6CE51B6F5BA}.Release|Any CPU.Build.0 = Release|Any CPU
		{4ADC75AE-59C7-4D36-B675-A6CE51B6F5BA}.Release|x64.ActiveCfg = Release|Any CPU
		{4ADC75AE-59C7-4D36-B675-A6CE51B6F5BA}.Release|x64.Build.0 = Release|Any CPU
		{4ADC75AE-59C7-4D36-B675-A6CE51B6F5BA}.Release|x86.ActiveCfg = Release|Any CPU
		{4ADC75AE-59C7-4D36-B675-A6CE51B6F5BA}.Release|x86.Build.0 = Release|Any CPU
		{2CD1B0C2-D64A-4DA4-8A9E-64D5AB35DE25}.Debug|Any CPU.ActiveCfg = Debug|Any CPU
		{2CD1B0C2-D64A-4DA4-8A9E-64D5AB35DE25}.Debug|Any CPU.Build.0 = Debug|Any CPU
		{2CD1B0C2-D64A-4DA4-8A9E-64D5AB35DE25}.Debug|x64.ActiveCfg = Debug|Any CPU
		{2CD1B0C2-D64A-4DA4-8A9E-64D5AB35DE25}.Debug|x64.Build.0 = Debug|Any CPU
		{2CD1B0C2-D64A-4DA4-8A9E-64D5AB35DE25}.Debug|x86.ActiveCfg = Debug|Any CPU
		{2CD1B0C2-D64A-4DA4-8A9E-64D5AB35DE25}.Debug|x86.Build.0 = Debug|Any CPU
		{2CD1B0C2-D64A-4DA4-8A9E-64D5AB35DE25}.Release|Any CPU.ActiveCfg = Release|Any CPU
		{2CD1B0C2-D64A-4DA4-8A9E-64D5AB35DE25}.Release|Any CPU.Build.0 = Release|Any CPU
		{2CD1B0C2-D64A-4DA4-8A9E-64D5AB35DE25}.Release|x64.ActiveCfg = Release|Any CPU
		{2CD1B0C2-D64A-4DA4-8A9E-64D5AB35DE25}.Release|x64.Build.0 = Release|Any CPU
		{2CD1B0C2-D64A-4DA4-8A9E-64D5AB35DE25}.Release|x86.ActiveCfg = Release|Any CPU
		{2CD1B0C2-D64A-4DA4-8A9E-64D5AB35DE25}.Release|x86.Build.0 = Release|Any CPU
		{3D2739DB-5618-49BF-BF5C-5CCCD6A55C64}.Debug|Any CPU.ActiveCfg = Debug|Any CPU
		{3D2739DB-5618-49BF-BF5C-5CCCD6A55C64}.Debug|Any CPU.Build.0 = Debug|Any CPU
		{3D2739DB-5618-49BF-BF5C-5CCCD6A55C64}.Debug|x64.ActiveCfg = Debug|Any CPU
		{3D2739DB-5618-49BF-BF5C-5CCCD6A55C64}.Debug|x64.Build.0 = Debug|Any CPU
		{3D2739DB-5618-49BF-BF5C-5CCCD6A55C64}.Debug|x86.ActiveCfg = Debug|Any CPU
		{3D2739DB-5618-49BF-BF5C-5CCCD6A55C64}.Debug|x86.Build.0 = Debug|Any CPU
		{3D2739DB-5618-49BF-BF5C-5CCCD6A55C64}.Release|Any CPU.ActiveCfg = Release|Any CPU
		{3D2739DB-5618-49BF-BF5C-5CCCD6A55C64}.Release|Any CPU.Build.0 = Release|Any CPU
		{3D2739DB-5618-49BF-BF5C-5CCCD6A55C64}.Release|x64.ActiveCfg = Release|Any CPU
		{3D2739DB-5618-49BF-BF5C-5CCCD6A55C64}.Release|x64.Build.0 = Release|Any CPU
		{3D2739DB-5618-49BF-BF5C-5CCCD6A55C64}.Release|x86.ActiveCfg = Release|Any CPU
		{3D2739DB-5618-49BF-BF5C-5CCCD6A55C64}.Release|x86.Build.0 = Release|Any CPU
		{C3BB2B1C-ED0C-4879-A6D3-D86342C5086E}.Debug|Any CPU.ActiveCfg = Debug|Any CPU
		{C3BB2B1C-ED0C-4879-A6D3-D86342C5086E}.Debug|Any CPU.Build.0 = Debug|Any CPU
		{C3BB2B1C-ED0C-4879-A6D3-D86342C5086E}.Debug|x64.ActiveCfg = Debug|Any CPU
		{C3BB2B1C-ED0C-4879-A6D3-D86342C5086E}.Debug|x64.Build.0 = Debug|Any CPU
		{C3BB2B1C-ED0C-4879-A6D3-D86342C5086E}.Debug|x86.ActiveCfg = Debug|Any CPU
		{C3BB2B1C-ED0C-4879-A6D3-D86342C5086E}.Debug|x86.Build.0 = Debug|Any CPU
		{C3BB2B1C-ED0C-4879-A6D3-D86342C5086E}.Release|Any CPU.ActiveCfg = Release|Any CPU
		{C3BB2B1C-ED0C-4879-A6D3-D86342C5086E}.Release|Any CPU.Build.0 = Release|Any CPU
		{C3BB2B1C-ED0C-4879-A6D3-D86342C5086E}.Release|x64.ActiveCfg = Release|Any CPU
		{C3BB2B1C-ED0C-4879-A6D3-D86342C5086E}.Release|x64.Build.0 = Release|Any CPU
		{C3BB2B1C-ED0C-4879-A6D3-D86342C5086E}.Release|x86.ActiveCfg = Release|Any CPU
		{C3BB2B1C-ED0C-4879-A6D3-D86342C5086E}.Release|x86.Build.0 = Release|Any CPU
		{DF3D4D4C-02DF-4F92-9FD4-0A861F64B0EF}.Debug|Any CPU.ActiveCfg = Debug|Any CPU
		{DF3D4D4C-02DF-4F92-9FD4-0A861F64B0EF}.Debug|Any CPU.Build.0 = Debug|Any CPU
		{DF3D4D4C-02DF-4F92-9FD4-0A861F64B0EF}.Debug|x64.ActiveCfg = Debug|Any CPU
		{DF3D4D4C-02DF-4F92-9FD4-0A861F64B0EF}.Debug|x64.Build.0 = Debug|Any CPU
		{DF3D4D4C-02DF-4F92-9FD4-0A861F64B0EF}.Debug|x86.ActiveCfg = Debug|Any CPU
		{DF3D4D4C-02DF-4F92-9FD4-0A861F64B0EF}.Debug|x86.Build.0 = Debug|Any CPU
		{DF3D4D4C-02DF-4F92-9FD4-0A861F64B0EF}.Release|Any CPU.ActiveCfg = Release|Any CPU
		{DF3D4D4C-02DF-4F92-9FD4-0A861F64B0EF}.Release|Any CPU.Build.0 = Release|Any CPU
		{DF3D4D4C-02DF-4F92-9FD4-0A861F64B0EF}.Release|x64.ActiveCfg = Release|Any CPU
		{DF3D4D4C-02DF-4F92-9FD4-0A861F64B0EF}.Release|x64.Build.0 = Release|Any CPU
		{DF3D4D4C-02DF-4F92-9FD4-0A861F64B0EF}.Release|x86.ActiveCfg = Release|Any CPU
		{DF3D4D4C-02DF-4F92-9FD4-0A861F64B0EF}.Release|x86.Build.0 = Release|Any CPU
		{F5669FB7-77EC-44B9-898B-6D575B7D26EA}.Debug|Any CPU.ActiveCfg = Debug|Any CPU
		{F5669FB7-77EC-44B9-898B-6D575B7D26EA}.Debug|Any CPU.Build.0 = Debug|Any CPU
		{F5669FB7-77EC-44B9-898B-6D575B7D26EA}.Debug|x64.ActiveCfg = Debug|Any CPU
		{F5669FB7-77EC-44B9-898B-6D575B7D26EA}.Debug|x64.Build.0 = Debug|Any CPU
		{F5669FB7-77EC-44B9-898B-6D575B7D26EA}.Debug|x86.ActiveCfg = Debug|Any CPU
		{F5669FB7-77EC-44B9-898B-6D575B7D26EA}.Debug|x86.Build.0 = Debug|Any CPU
		{F5669FB7-77EC-44B9-898B-6D575B7D26EA}.Release|Any CPU.ActiveCfg = Release|Any CPU
		{F5669FB7-77EC-44B9-898B-6D575B7D26EA}.Release|Any CPU.Build.0 = Release|Any CPU
		{F5669FB7-77EC-44B9-898B-6D575B7D26EA}.Release|x64.ActiveCfg = Release|Any CPU
		{F5669FB7-77EC-44B9-898B-6D575B7D26EA}.Release|x64.Build.0 = Release|Any CPU
		{F5669FB7-77EC-44B9-898B-6D575B7D26EA}.Release|x86.ActiveCfg = Release|Any CPU
		{F5669FB7-77EC-44B9-898B-6D575B7D26EA}.Release|x86.Build.0 = Release|Any CPU
		{7CD50B44-BF56-4E8E-8FA1-05F6968C1835}.Debug|Any CPU.ActiveCfg = Debug|Any CPU
		{7CD50B44-BF56-4E8E-8FA1-05F6968C1835}.Debug|Any CPU.Build.0 = Debug|Any CPU
		{7CD50B44-BF56-4E8E-8FA1-05F6968C1835}.Debug|x64.ActiveCfg = Debug|Any CPU
		{7CD50B44-BF56-4E8E-8FA1-05F6968C1835}.Debug|x64.Build.0 = Debug|Any CPU
		{7CD50B44-BF56-4E8E-8FA1-05F6968C1835}.Debug|x86.ActiveCfg = Debug|Any CPU
		{7CD50B44-BF56-4E8E-8FA1-05F6968C1835}.Debug|x86.Build.0 = Debug|Any CPU
		{7CD50B44-BF56-4E8E-8FA1-05F6968C1835}.Release|Any CPU.ActiveCfg = Release|Any CPU
		{7CD50B44-BF56-4E8E-8FA1-05F6968C1835}.Release|Any CPU.Build.0 = Release|Any CPU
		{7CD50B44-BF56-4E8E-8FA1-05F6968C1835}.Release|x64.ActiveCfg = Release|Any CPU
		{7CD50B44-BF56-4E8E-8FA1-05F6968C1835}.Release|x64.Build.0 = Release|Any CPU
		{7CD50B44-BF56-4E8E-8FA1-05F6968C1835}.Release|x86.ActiveCfg = Release|Any CPU
		{7CD50B44-BF56-4E8E-8FA1-05F6968C1835}.Release|x86.Build.0 = Release|Any CPU
		{1C8D0DDC-2086-48A9-9586-F2B643E2FC54}.Debug|Any CPU.ActiveCfg = Debug|Any CPU
		{1C8D0DDC-2086-48A9-9586-F2B643E2FC54}.Debug|Any CPU.Build.0 = Debug|Any CPU
		{1C8D0DDC-2086-48A9-9586-F2B643E2FC54}.Debug|x64.ActiveCfg = Debug|Any CPU
		{1C8D0DDC-2086-48A9-9586-F2B643E2FC54}.Debug|x64.Build.0 = Debug|Any CPU
		{1C8D0DDC-2086-48A9-9586-F2B643E2FC54}.Debug|x86.ActiveCfg = Debug|Any CPU
		{1C8D0DDC-2086-48A9-9586-F2B643E2FC54}.Debug|x86.Build.0 = Debug|Any CPU
		{1C8D0DDC-2086-48A9-9586-F2B643E2FC54}.Release|Any CPU.ActiveCfg = Release|Any CPU
		{1C8D0DDC-2086-48A9-9586-F2B643E2FC54}.Release|Any CPU.Build.0 = Release|Any CPU
		{1C8D0DDC-2086-48A9-9586-F2B643E2FC54}.Release|x64.ActiveCfg = Release|Any CPU
		{1C8D0DDC-2086-48A9-9586-F2B643E2FC54}.Release|x64.Build.0 = Release|Any CPU
		{1C8D0DDC-2086-48A9-9586-F2B643E2FC54}.Release|x86.ActiveCfg = Release|Any CPU
		{1C8D0DDC-2086-48A9-9586-F2B643E2FC54}.Release|x86.Build.0 = Release|Any CPU
		{4D539EB2-E847-4D42-B6FA-03B2546DAFD7}.Debug|Any CPU.ActiveCfg = Debug|Any CPU
		{4D539EB2-E847-4D42-B6FA-03B2546DAFD7}.Debug|Any CPU.Build.0 = Debug|Any CPU
		{4D539EB2-E847-4D42-B6FA-03B2546DAFD7}.Debug|x64.ActiveCfg = Debug|Any CPU
		{4D539EB2-E847-4D42-B6FA-03B2546DAFD7}.Debug|x64.Build.0 = Debug|Any CPU
		{4D539EB2-E847-4D42-B6FA-03B2546DAFD7}.Debug|x86.ActiveCfg = Debug|Any CPU
		{4D539EB2-E847-4D42-B6FA-03B2546DAFD7}.Debug|x86.Build.0 = Debug|Any CPU
		{4D539EB2-E847-4D42-B6FA-03B2546DAFD7}.Release|Any CPU.ActiveCfg = Release|Any CPU
		{4D539EB2-E847-4D42-B6FA-03B2546DAFD7}.Release|Any CPU.Build.0 = Release|Any CPU
		{4D539EB2-E847-4D42-B6FA-03B2546DAFD7}.Release|x64.ActiveCfg = Release|Any CPU
		{4D539EB2-E847-4D42-B6FA-03B2546DAFD7}.Release|x64.Build.0 = Release|Any CPU
		{4D539EB2-E847-4D42-B6FA-03B2546DAFD7}.Release|x86.ActiveCfg = Release|Any CPU
		{4D539EB2-E847-4D42-B6FA-03B2546DAFD7}.Release|x86.Build.0 = Release|Any CPU
	EndGlobalSection
	GlobalSection(SolutionProperties) = preSolution
		HideSolutionNode = FALSE
	EndGlobalSection
	GlobalSection(NestedProjects) = preSolution
		{3D2739DB-5618-49BF-BF5C-5CCCD6A55C64} = {4FA39290-D4E6-4FD0-8030-F605960DA331}
		{C3BB2B1C-ED0C-4879-A6D3-D86342C5086E} = {4FA39290-D4E6-4FD0-8030-F605960DA331}
		{F5669FB7-77EC-44B9-898B-6D575B7D26EA} = {4FA39290-D4E6-4FD0-8030-F605960DA331}
		{7CD50B44-BF56-4E8E-8FA1-05F6968C1835} = {4FA39290-D4E6-4FD0-8030-F605960DA331}
	EndGlobalSection
EndGlobal
